{
  "R": {
    "Version": "4.0.0",
    "Repositories": [
      {
        "Name": "CRAN",
        "URL": "https://packagemanager.posit.co/cran/2022-02-01"
      },
      {
        "Name": "SAGE",
        "URL": "http://ran.synapse.org"
      }
    ]
  },
  "Packages": {
    "knit2synapse": {
      "Package": "knit2synapse",
      "Version": "2.0.1",
      "Source": "GitHub",
      "RemoteType": "github",
      "RemoteHost": "api.github.com",
      "RemoteUsername": "Sage-Bionetworks",
      "RemoteRepo": "knit2synapse",
      "RemoteRef": "master",
      "RemoteSha": "db5bc5485485f8d852657f76ae4b714da47bb7ef",
      "Hash": "18ab9ae9bc60620e42b336cf5e38fdcc"
    },
    "synapser": {
      "Package": "synapser",
      "Version": "0.11.7",
      "Source": "Repository",
      "Repository": "SAGE",
      "Hash": "5db4c1bd16b45ec79a888938a0f3ce66"
    },
    "caret": {
      "Package": "caret",
      "Version": "6.0-90",
      "Source": "Repository",
      "Repository": "CRAN",
      "Hash": "42469c788063931bd460be0c4d6044eb"
    },
    "data.table": {
      "Package": "data.table",
      "Version": "1.14.0",
      "Source": "Repository",
      "Repository": "CRAN",
      "Hash": "d1b8b1a821ee564a3515fa6c6d5c52dc"
    },
    "dplyr": {
      "Package": "dplyr",
      "Version": "1.0.7",
      "Source": "Repository",
      "Repository": "CRAN",
      "Hash": "36f1ae62f026c8ba9f9b5c9a08c03297"
    },
    "ggplot2": {
      "Package": "ggplot2",
      "Version": "3.3.5",
      "Source": "Repository",
      "Repository": "CRAN",
      "Hash": "d7566c471c7b17e095dd023b9ef155ad"
    },
    "patchwork": {
      "Package": "patchwork",
      "Version": "1.1.1",
      "Source": "Repository",
      "Repository": "CRAN",
      "Hash": "c446b30cb33ec125ff02588b60660ccb"
    },
    "purrr": {
      "Package": "purrr",
      "Version": "0.3.4",
      "Source": "Repository",
      "Repository": "CRAN",
      "Hash": "97def703420c8ab10d8f0e6c72101e02"
    },
    "ranger": {
      "Package": "ranger",
      "Version": "0.13.1",
      "Source": "Repository",
      "Repository": "CRAN",
      "Hash": "420a2d7a05923e33bbdf5b67eaebbfe5"
    },
    "stringr": {
      "Package": "stringr",
      "Version": "1.4.0",
      "Source": "Repository",
      "Repository": "CRAN",
      "Hash": "0759e6b6c0957edb1311028a49a35e76"
    },
    "tibble": {
      "Package": "tibble",
      "Version": "3.1.2",
      "Source": "Repository",
      "Repository": "CRAN",
      "Hash": "349b40a9f144516d537c875e786ec8b8"
    },
    "tidyr": {
      "Package": "tidyr",
      "Version": "1.1.3",
      "Source": "Repository",
      "Repository": "CRAN",
      "Hash": "450d7dfaedde58e28586b854eeece4fa"
    },
    "tidyverse": {
      "Package": "tidyverse",
      "Version": "1.3.1",
      "Source": "Repository",
      "Repository": "CRAN",
      "Hash": "fc4c72b6ae9bb283416bd59a3303bbab"
    },
    "rmarkdown": {
      "Package": "rmarkdown",
      "Version": "2.9",
      "Source": "Repository",
      "Repository": "CRAN",
      "Hash": "912c09266d5470516df4df7a303cde92"
    },
    "knitr": {
      "Package": "knitr",
      "Version": "1.33",
      "Source": "Repository",
      "Repository": "CRAN",
      "Hash": "0bc1b5da1b0eb07cd4b727e95e9ff0b8"
    },
    "lubridate": {
      "Package": "lubridate",
      "Version": "1.7.10",
      "Source": "Repository",
      "Repository": "CRAN",
      "Hash": "1ebfdc8a3cfe8fe19184f5481972b092"
    },
    "here": {
      "Package": "here",
      "Version": "1.0.1",
      "Source": "Repository",
      "Repository": "CRAN",
      "Hash": "24b224366f9c2e7534d2344d10d59211"
    },
    "ggpubr": {
      "Package": "ggpubr",
      "Version": "0.4.0",
      "Source": "Repository",
      "Repository": "CRAN",
      "Hash": "77089557d374c69db7cb77e65f0d6ab0"
    },
    "glue": {
      "Package": "glue",
      "Version": "1.4.2",
      "Source": "Repository",
      "Repository": "CRAN",
      "Hash": "6efd734b14c6471cfe443345f3e35e29"
    },
    "bridgeclient": {
      "Package": "bridgeclient",
      "Version": "0.0.0.9000",
      "Source": "GitHub",
      "RemoteType": "github",
      "RemoteHost": "api.github.com",
      "RemoteUsername": "philerooski",
      "RemoteRepo": "bridgeclient",
      "RemoteRef": "master",
      "RemoteSha": "8cf6c22ce87fe221f1d11a950e1bad39db6afcc2",
      "Hash": "89cd4797cb5d5ec4148137e9e1b6f67d"
    },
    "config": {
      "Package": "config",
      "Version": "0.3.1",
      "Source": "Repository",
      "Repository": "CRAN",
      "Hash": "31d77b09f63550cee9ecb5a08bf76e8f"
    },
    "githubr": {
      "Package": "githubr",
      "Version": "0.2",
      "Source": "GitHub",
      "RemoteType": "github",
      "RemoteHost": "api.github.com",
      "RemoteUsername": "brian-bot",
      "RemoteRepo": "githubr",
      "RemoteRef": "master",
      "RemoteSha": "463abd9bdbe773ea56a917cbdbe336106452b4dd",
      "Hash": "b1df9292539aaae346dd0298590d2ffa"
    },
    "randomForest": {
      "Package": "randomForest",
      "Version": "4.6-14",
      "Source": "Repository"
    },
    "doMC": {
      "Package": "doMC",
      "Version": "1.3.7",
      "Source": "Repository",
      "Repository": "CRAN",
      "OS_type": "unix",
      "Hash": "a51780731e2ec5eee714097df69ea204"
    },
    "jsonlite": {
      "Package": "jsonlite",
      "Version": "1.7.2",
      "Source": "Repository",
      "Repository": "CRAN",
      "Hash": "98138e0994d41508c7a6b84a0600cfcb"
    },
    "mhealthtools": {
      "Package": "mhealthtools",
      "Version": "0.2.1",
      "Source": "GitHub",
      "RemoteType": "github",
      "RemoteHost": "api.github.com",
      "RemoteUsername": "Sage-Bionetworks",
      "RemoteRepo": "mhealthtools",
      "RemoteRef": "master",
      "RemoteSha": "4340b82fce2aef66ba445f81515749aa1cf599c3",
      "Remotes": "cran/statcomp,",
      "Hash": "524e4a24608c380769ea253d68107826"
    },
    "optparse": {
      "Package": "optparse",
      "Version": "1.6.6",
      "Source": "Repository",
      "Repository": "CRAN",
      "Hash": "35beff0d8469fbb7037925dde658888c"
    },
    "plyr": {
      "Package": "plyr",
      "Version": "1.8.6",
      "Source": "Repository",
      "Repository": "CRAN",
      "Hash": "ec0e5ab4e5f851f6ef32cd1d1984957f"
    },
    "reticulate": {
      "Package": "reticulate",
      "Version": "1.20",
      "Source": "Repository",
      "Repository": "CRAN",
      "Hash": "30ab0ea8c8d3dd16a3fa06903449bbfb"
    },
    "furrr": {
      "Package": "furrr",
      "Version": "0.2.3",
      "Source": "Repository",
      "Repository": "CRAN",
      "Hash": "2aba4ab06e8707ac054c6683cb6fed56"
    },
    "future": {
      "Package": "future",
      "Version": "1.21.0",
      "Source": "Repository",
      "Repository": "CRAN",
      "Hash": "f25fad6bee82b7ab01f055e2d813b96f"
    },
    "MatchIt": {
      "Package": "MatchIt",
      "Version": "4.2.0",
      "Source": "Repository",
      "Repository": "CRAN",
      "Hash": "61e9ad0c108c6a258249f36987d7f57d"
    },
    "renv": {
      "Package": "renv",
      "Version": "0.13.2",
      "Source": "GitHub",
      "RemoteType": "github",
      "RemoteHost": "api.github.com",
      "RemoteRepo": "renv",
      "RemoteUsername": "rstudio",
      "RemoteRef": "0.13.2",
      "RemoteSha": "e2366ffd3196bf72b10730e50d3b45159c7621e3",
      "Hash": "8feb2a5866fc3af3cc6ac08caa32f38d"
    },
    "broom": {
      "Package": "broom",
      "Version": "0.7.8",
      "Source": "Repository",
      "Repository": "CRAN",
      "Hash": "c6dddf90a1e38665c211932696ddbfde"
    },
    "yaml": {
      "Package": "yaml",
      "Version": "2.2.1",
      "Source": "Repository",
      "Repository": "CRAN",
      "Hash": "2826c5d9efb0a88f657c7a679c7106db"
    },
    "readr": {
      "Package": "readr",
      "Version": "1.4.0",
      "Source": "Repository",
      "Repository": "CRAN",
      "Hash": "2639976851f71f330264a9c9c3d43a61"
    }
  },
  "Python": {
    "Version": "3.8.10",
    "Type": "virtualenv",
    "Name": "~/env"
  }
}
